dependencies:
  espressif/led_strip:
    component_hash: b578eb926d9f6402fd45398b53c9bd5d1b7a15c1b2974d25aa3088e6c79b0b4c
    source:
      service_url: https://api.components.espressif.com/
      type: service
    version: 3.0.1
  idf:
    component_hash: null
    source:
      type: idf
    version: 5.1.1
manifest_hash: c265b2667af54b3632bc7c7b0db6923bcb26cc9a4aabd2ce71d18ad78092c8b6
target: esp32c3
version: 1.0.0
